
Microsoft Visual Studio Solution File, Format Version 12.00
# Visual Studio 15
VisualStudioVersion = 15.0.28307.421
MinimumVisualStudioVersion = 10.0.40219.1
Project("{FAE04EC0-301F-11D3-BF4B-00C04F79EFBC}") = "odeToFood", "odeToFood\odeToFood.csproj", "{8A90C78E-182E-433B-BEF1-2D7384807FAA}"
EndProject
Project("{FAE04EC0-301F-11D3-BF4B-00C04F79EFBC}") = "odeToFood.Tests", "odeToFood.Tests\odeToFood.Tests.csproj", "{48BDCC8C-8593-4E5D-AFDF-9DEF15DAF3DC}"
EndProject
Global
	GlobalSection(SolutionConfigurationPlatforms) = preSolution
		Debug|Any CPU = Debug|Any CPU
		Release|Any CPU = Release|Any CPU
	EndGlobalSection
	GlobalSection(ProjectConfigurationPlatforms) = postSolution
		{8A90C78E-182E-433B-BEF1-2D7384807FAA}.Debug|Any CPU.ActiveCfg = Debug|Any CPU
		{8A90C78E-182E-433B-BEF1-2D7384807FAA}.Debug|Any CPU.Build.0 = Debug|Any CPU
		{8A90C78E-182E-433B-BEF1-2D7384807FAA}.Release|Any CPU.ActiveCfg = Release|Any CPU
		{8A90C78E-182E-433B-BEF1-2D7384807FAA}.Release|Any CPU.Build.0 = Release|Any CPU
		{48BDCC8C-8593-4E5D-AFDF-9DEF15DAF3DC}.Debug|Any CPU.ActiveCfg = Debug|Any CPU
		{48BDCC8C-8593-4E5D-AFDF-9DEF15DAF3DC}.Debug|Any CPU.Build.0 = Debug|Any CPU
		{48BDCC8C-8593-4E5D-AFDF-9DEF15DAF3DC}.Release|Any CPU.ActiveCfg = Release|Any CPU
		{48BDCC8C-8593-4E5D-AFDF-9DEF15DAF3DC}.Release|Any CPU.Build.0 = Release|Any CPU
	EndGlobalSection
	GlobalSection(SolutionProperties) = preSolution
		HideSolutionNode = FALSE
	EndGlobalSection
	GlobalSection(ExtensibilityGlobals) = postSolution
		SolutionGuid = {F4CBF263-2064-466D-A358-4BE777EB9CB4}
	EndGlobalSection
EndGlobal
